
Microsoft Visual Studio Solution File, Format Version 12.00
# Visual Studio Version 17
VisualStudioVersion = 17.0.31903.59
MinimumVisualStudioVersion = 10.0.40219.1
Project("{2150E333-8FDC-42A3-9474-1A3956D46DE8}") = "src", "src", "{8D76960F-F00A-4058-B6FB-EB6A6F65AA33}"
EndProject
Project("{FAE04EC0-301F-11D3-BF4B-00C04F79EFBC}") = "Domaincrafters.Domain", "src\Domaincrafters.Domain\Domaincrafters.Domain.csproj", "{C4D0E82F-0712-46D1-8716-80DC953D0CFC}"
EndProject
Project("{2150E333-8FDC-42A3-9474-1A3956D46DE8}") = "tests", "tests", "{993270A3-5CDB-44CE-A778-DFA8B977E472}"
EndProject
Project("{FAE04EC0-301F-11D3-BF4B-00C04F79EFBC}") = "UnitTests", "tests\UnitTests\UnitTests.csproj", "{EA98789E-3C36-412D-9D28-14B7C346B8E8}"
EndProject
Global
	GlobalSection(SolutionConfigurationPlatforms) = preSolution
		Debug|Any CPU = Debug|Any CPU
		Release|Any CPU = Release|Any CPU
	EndGlobalSection
	GlobalSection(SolutionProperties) = preSolution
		HideSolutionNode = FALSE
	EndGlobalSection
	GlobalSection(ProjectConfigurationPlatforms) = postSolution
		{48E8E1DA-4DD1-476B-92A2-73CDB78FBEFF}.Debug|Any CPU.ActiveCfg = Debug|Any CPU
		{48E8E1DA-4DD1-476B-92A2-73CDB78FBEFF}.Debug|Any CPU.Build.0 = Debug|Any CPU
		{48E8E1DA-4DD1-476B-92A2-73CDB78FBEFF}.Release|Any CPU.ActiveCfg = Release|Any CPU
		{48E8E1DA-4DD1-476B-92A2-73CDB78FBEFF}.Release|Any CPU.Build.0 = Release|Any CPU
		{C4D0E82F-0712-46D1-8716-80DC953D0CFC}.Debug|Any CPU.ActiveCfg = Debug|Any CPU
		{C4D0E82F-0712-46D1-8716-80DC953D0CFC}.Debug|Any CPU.Build.0 = Debug|Any CPU
		{C4D0E82F-0712-46D1-8716-80DC953D0CFC}.Release|Any CPU.ActiveCfg = Release|Any CPU
		{C4D0E82F-0712-46D1-8716-80DC953D0CFC}.Release|Any CPU.Build.0 = Release|Any CPU
		{EA98789E-3C36-412D-9D28-14B7C346B8E8}.Debug|Any CPU.ActiveCfg = Debug|Any CPU
		{EA98789E-3C36-412D-9D28-14B7C346B8E8}.Debug|Any CPU.Build.0 = Debug|Any CPU
		{EA98789E-3C36-412D-9D28-14B7C346B8E8}.Release|Any CPU.ActiveCfg = Release|Any CPU
		{EA98789E-3C36-412D-9D28-14B7C346B8E8}.Release|Any CPU.Build.0 = Release|Any CPU
	EndGlobalSection
	GlobalSection(NestedProjects) = preSolution
		{C4D0E82F-0712-46D1-8716-80DC953D0CFC} = {8D76960F-F00A-4058-B6FB-EB6A6F65AA33}
		{EA98789E-3C36-412D-9D28-14B7C346B8E8} = {993270A3-5CDB-44CE-A778-DFA8B977E472}
	EndGlobalSection
EndGlobal
